
Microsoft Visual Studio Solution File, Format Version 12.00
# Visual Studio Version 16
VisualStudioVersion = 16.0.29315.20
MinimumVisualStudioVersion = 10.0.40219.1
Project("{FAE04EC0-301F-11D3-BF4B-00C04F79EFBC}") = "DotNetConf", "DotNetConf\DotNetConf.csproj", "{1DB31A86-1901-4CC7-A8CC-9AC20151622F}"
EndProject
Global
	GlobalSection(SolutionConfigurationPlatforms) = preSolution
		Debug|Any CPU = Debug|Any CPU
		Release|Any CPU = Release|Any CPU
	EndGlobalSection
	GlobalSection(ProjectConfigurationPlatforms) = postSolution
		{1DB31A86-1901-4CC7-A8CC-9AC20151622F}.Debug|Any CPU.ActiveCfg = Debug|Any CPU
		{1DB31A86-1901-4CC7-A8CC-9AC20151622F}.Debug|Any CPU.Build.0 = Debug|Any CPU
		{1DB31A86-1901-4CC7-A8CC-9AC20151622F}.Release|Any CPU.ActiveCfg = Release|Any CPU
		{1DB31A86-1901-4CC7-A8CC-9AC20151622F}.Release|Any CPU.Build.0 = Release|Any CPU
	EndGlobalSection
	GlobalSection(SolutionProperties) = preSolution
		HideSolutionNode = FALSE
	EndGlobalSection
	GlobalSection(ExtensibilityGlobals) = postSolution
		SolutionGuid = {B85640F2-F62B-4E96-A6B8-D3960FA1202E}
	EndGlobalSection
EndGlobal
