
Microsoft Visual Studio Solution File, Format Version 12.00
# Visual Studio Version 16
VisualStudioVersion = 16.0.29315.20
MinimumVisualStudioVersion = 10.0.40219.1
Project("{9A19103F-16F7-4668-BE54-9A1E7A4F7556}") = "DotNetConf", "DotNetConf\DotNetConf.csproj", "{1DB31A86-1901-4CC7-A8CC-9AC20151622F}"
EndProject
Project("{C7167F0D-BC9F-4E6E-AFE1-012C56B48DB5}") = "DotNetConfPackage", "DotNetConfPackage\DotNetConfPackage.wapproj", "{F631E8A7-A4DB-42A7-8E42-554695357DC7}"
EndProject
Global
	GlobalSection(SolutionConfigurationPlatforms) = preSolution
		Debug|Any CPU = Debug|Any CPU
		Debug|ARM = Debug|ARM
		Debug|ARM64 = Debug|ARM64
		Debug|x64 = Debug|x64
		Debug|x86 = Debug|x86
		Release|Any CPU = Release|Any CPU
		Release|ARM = Release|ARM
		Release|ARM64 = Release|ARM64
		Release|x64 = Release|x64
		Release|x86 = Release|x86
	EndGlobalSection
	GlobalSection(ProjectConfigurationPlatforms) = postSolution
		{1DB31A86-1901-4CC7-A8CC-9AC20151622F}.Debug|Any CPU.ActiveCfg = Debug|Any CPU
		{1DB31A86-1901-4CC7-A8CC-9AC20151622F}.Debug|Any CPU.Build.0 = Debug|Any CPU
		{1DB31A86-1901-4CC7-A8CC-9AC20151622F}.Debug|ARM.ActiveCfg = Debug|Any CPU
		{1DB31A86-1901-4CC7-A8CC-9AC20151622F}.Debug|ARM.Build.0 = Debug|Any CPU
		{1DB31A86-1901-4CC7-A8CC-9AC20151622F}.Debug|ARM64.ActiveCfg = Debug|Any CPU
		{1DB31A86-1901-4CC7-A8CC-9AC20151622F}.Debug|ARM64.Build.0 = Debug|Any CPU
		{1DB31A86-1901-4CC7-A8CC-9AC20151622F}.Debug|x64.ActiveCfg = Debug|Any CPU
		{1DB31A86-1901-4CC7-A8CC-9AC20151622F}.Debug|x64.Build.0 = Debug|Any CPU
		{1DB31A86-1901-4CC7-A8CC-9AC20151622F}.Debug|x86.ActiveCfg = Debug|Any CPU
		{1DB31A86-1901-4CC7-A8CC-9AC20151622F}.Debug|x86.Build.0 = Debug|Any CPU
		{1DB31A86-1901-4CC7-A8CC-9AC20151622F}.Release|Any CPU.ActiveCfg = Release|Any CPU
		{1DB31A86-1901-4CC7-A8CC-9AC20151622F}.Release|Any CPU.Build.0 = Release|Any CPU
		{1DB31A86-1901-4CC7-A8CC-9AC20151622F}.Release|ARM.ActiveCfg = Release|Any CPU
		{1DB31A86-1901-4CC7-A8CC-9AC20151622F}.Release|ARM.Build.0 = Release|Any CPU
		{1DB31A86-1901-4CC7-A8CC-9AC20151622F}.Release|ARM64.ActiveCfg = Release|Any CPU
		{1DB31A86-1901-4CC7-A8CC-9AC20151622F}.Release|ARM64.Build.0 = Release|Any CPU
		{1DB31A86-1901-4CC7-A8CC-9AC20151622F}.Release|x64.ActiveCfg = Release|Any CPU
		{1DB31A86-1901-4CC7-A8CC-9AC20151622F}.Release|x64.Build.0 = Release|Any CPU
		{1DB31A86-1901-4CC7-A8CC-9AC20151622F}.Release|x86.ActiveCfg = Release|Any CPU
		{1DB31A86-1901-4CC7-A8CC-9AC20151622F}.Release|x86.Build.0 = Release|Any CPU
		{F631E8A7-A4DB-42A7-8E42-554695357DC7}.Debug|Any CPU.ActiveCfg = Debug|Any CPU
		{F631E8A7-A4DB-42A7-8E42-554695357DC7}.Debug|Any CPU.Build.0 = Debug|Any CPU
		{F631E8A7-A4DB-42A7-8E42-554695357DC7}.Debug|Any CPU.Deploy.0 = Debug|Any CPU
		{F631E8A7-A4DB-42A7-8E42-554695357DC7}.Debug|ARM.ActiveCfg = Debug|ARM
		{F631E8A7-A4DB-42A7-8E42-554695357DC7}.Debug|ARM.Build.0 = Debug|ARM
		{F631E8A7-A4DB-42A7-8E42-554695357DC7}.Debug|ARM.Deploy.0 = Debug|ARM
		{F631E8A7-A4DB-42A7-8E42-554695357DC7}.Debug|ARM64.ActiveCfg = Debug|ARM64
		{F631E8A7-A4DB-42A7-8E42-554695357DC7}.Debug|ARM64.Build.0 = Debug|ARM64
		{F631E8A7-A4DB-42A7-8E42-554695357DC7}.Debug|ARM64.Deploy.0 = Debug|ARM64
		{F631E8A7-A4DB-42A7-8E42-554695357DC7}.Debug|x64.ActiveCfg = Debug|x64
		{F631E8A7-A4DB-42A7-8E42-554695357DC7}.Debug|x64.Build.0 = Debug|x64
		{F631E8A7-A4DB-42A7-8E42-554695357DC7}.Debug|x64.Deploy.0 = Debug|x64
		{F631E8A7-A4DB-42A7-8E42-554695357DC7}.Debug|x86.ActiveCfg = Debug|x86
		{F631E8A7-A4DB-42A7-8E42-554695357DC7}.Debug|x86.Build.0 = Debug|x86
		{F631E8A7-A4DB-42A7-8E42-554695357DC7}.Debug|x86.Deploy.0 = Debug|x86
		{F631E8A7-A4DB-42A7-8E42-554695357DC7}.Release|Any CPU.ActiveCfg = Release|Any CPU
		{F631E8A7-A4DB-42A7-8E42-554695357DC7}.Release|Any CPU.Build.0 = Release|Any CPU
		{F631E8A7-A4DB-42A7-8E42-554695357DC7}.Release|Any CPU.Deploy.0 = Release|Any CPU
		{F631E8A7-A4DB-42A7-8E42-554695357DC7}.Release|ARM.ActiveCfg = Release|ARM
		{F631E8A7-A4DB-42A7-8E42-554695357DC7}.Release|ARM.Build.0 = Release|ARM
		{F631E8A7-A4DB-42A7-8E42-554695357DC7}.Release|ARM.Deploy.0 = Release|ARM
		{F631E8A7-A4DB-42A7-8E42-554695357DC7}.Release|ARM64.ActiveCfg = Release|ARM64
		{F631E8A7-A4DB-42A7-8E42-554695357DC7}.Release|ARM64.Build.0 = Release|ARM64
		{F631E8A7-A4DB-42A7-8E42-554695357DC7}.Release|ARM64.Deploy.0 = Release|ARM64
		{F631E8A7-A4DB-42A7-8E42-554695357DC7}.Release|x64.ActiveCfg = Release|x64
		{F631E8A7-A4DB-42A7-8E42-554695357DC7}.Release|x64.Build.0 = Release|x64
		{F631E8A7-A4DB-42A7-8E42-554695357DC7}.Release|x64.Deploy.0 = Release|x64
		{F631E8A7-A4DB-42A7-8E42-554695357DC7}.Release|x86.ActiveCfg = Release|x86
		{F631E8A7-A4DB-42A7-8E42-554695357DC7}.Release|x86.Build.0 = Release|x86
		{F631E8A7-A4DB-42A7-8E42-554695357DC7}.Release|x86.Deploy.0 = Release|x86
	EndGlobalSection
	GlobalSection(SolutionProperties) = preSolution
		HideSolutionNode = FALSE
	EndGlobalSection
	GlobalSection(ExtensibilityGlobals) = postSolution
		SolutionGuid = {B85640F2-F62B-4E96-A6B8-D3960FA1202E}
	EndGlobalSection
EndGlobal
